<?xml version="1.0" encoding="utf-8"?>
<Project ToolsVersion="Current" xmlns="http://schemas.microsoft.com/developer/msbuild/2003">
  <ItemGroup>
    <Filter Include="Source Files">
      <UniqueIdentifier>{A446DBFA-F4FD-4A40-99CE-953B2B24A391}</UniqueIdentifier>
      <Extensions>cpp;c;cc;cxx</Extensions>
    </Filter>
    <Filter Include="Header Files">
      <UniqueIdentifier>{386EFE01-1BBF-4569-89AF-495FDF8CAAE4}</UniqueIdentifier>
      <Extensions>h;hpp;hxx;inl</Extensions>
    </Filter>
    <Filter Include="Other">
      <UniqueIdentifier>{35787CCD-AB97-4903-802D-6E5308596F7D}</UniqueIdentifier>
    </Filter>
  </ItemGroup>

  <ItemGroup>
    <ClCompile Include="EspDeploy.cpp">
      <Filter>Source Files</Filter>
    </ClCompile>
    <ClCompile Include="UEFILocker.cpp">
      <Filter>Source Files</Filter>
    </ClCompile>
    <ClCompile Include="data.cpp">
      <Filter>Source Files</Filter>
    </ClCompile>
  </ItemGroup>

  <ItemGroup>
    <ClInclude Include="UEFILocker.h">
      <Filter>Header Files</Filter>
    </ClInclude>
    <ClInclude Include="data.h">
      <Filter>Header Files</Filter>
    </ClInclude>
  </ItemGroup>

  <ItemGroup>
    <None Include="example.cpp">
      <Filter>Other</Filter>
    </None>
    <None Include="gen_data.ps1">
      <Filter>Other</Filter>
    </None>
  </ItemGroup>
</Project>

